{
  "name": "java-cookie",
  "version": "1.0.0",
  <<<<<<< fix/decoding-two-encoded-chars
  =======
  <<<<<<< fix/dependencies-and-travis
  >>>>>>> main
  "lockfileVersion": 1,
  "requires": true,
  "dependencies": {
    "bower": {
      "version": "1.8.8",
      "resolved": "https://registry.npmjs.org/bower/-/bower-1.8.8.tgz",
      "integrity": "sha512-1SrJnXnkP9soITHptSO+ahx3QKp3cVzn8poI6ujqc5SeOkg5iqM1pK9H+DSc2OQ8SnO0jC/NG4Ur/UIwy7574A==",
  <<<<<<< fix/decoding-two-encoded-chars
  =======
  =======
  "lockfileVersion": 2,
  "requires": true,
  "packages": {
    "": {
      "version": "1.0.0",
      "license": "MIT",
      "devDependencies": {
        "bower": "1.8.12"
      }
    },
    "node_modules/bower": {
      "version": "1.8.12",
      "resolved": "https://registry.npmjs.org/bower/-/bower-1.8.12.tgz",
      "integrity": "sha512-u1xy9SrwwoPlgjuHNjhV+YUPVdqyBj2ALBxuzeIUKXaPI2i2xypGgxqXkuHcITGdi5yBj5JuXgyMvgiWiS1S3Q==",
      "dev": true,
      "bin": {
        "bower": "bin/bower"
      },
      "engines": {
        "node": ">=0.10.0"
      }
    }
  },
  "dependencies": {
    "bower": {
      "version": "1.8.12",
      "resolved": "https://registry.npmjs.org/bower/-/bower-1.8.12.tgz",
      "integrity": "sha512-u1xy9SrwwoPlgjuHNjhV+YUPVdqyBj2ALBxuzeIUKXaPI2i2xypGgxqXkuHcITGdi5yBj5JuXgyMvgiWiS1S3Q==",
  >>>>>>> fix/issue-14-decoding-two-encoded-chars
  >>>>>>> main
      "dev": true
    }
  }
}
  <<<<<<< fix/decoding-two-encoded-chars
  =======
 
  >>>>>>> main
 